// !$*UTF8*$!
{
	archiveVersion = 1;
	classes = {
	};
	objectVersion = 50;
	objects = {

/* Begin PBXBuildFile section */
		8BE5D04D24443BBC001EAD4F /* AppDelegate.swift in Sources */ = {isa = PBXBuildFile; fileRef = 8BE5D04C24443BBC001EAD4F /* AppDelegate.swift */; };
		8BE5D04F24443BBC001EAD4F /* SceneDelegate.swift in Sources */ = {isa = PBXBuildFile; fileRef = 8BE5D04E24443BBC001EAD4F /* SceneDelegate.swift */; };
		8BE5D05124443BBC001EAD4F /* ViewController.swift in Sources */ = {isa = PBXBuildFile; fileRef = 8BE5D05024443BBC001EAD4F /* ViewController.swift */; };
		8BE5D05424443BBC001EAD4F /* Main.storyboard in Resources */ = {isa = PBXBuildFile; fileRef = 8BE5D05224443BBC001EAD4F /* Main.storyboard */; };
		8BE5D05624443BBF001EAD4F /* Assets.xcassets in Resources */ = {isa = PBXBuildFile; fileRef = 8BE5D05524443BBF001EAD4F /* Assets.xcassets */; };
		8BE5D05924443BBF001EAD4F /* LaunchScreen.storyboard in Resources */ = {isa = PBXBuildFile; fileRef = 8BE5D05724443BBF001EAD4F /* LaunchScreen.storyboard */; };
		8BE5D06424443E77001EAD4F /* InfoPlist.strings in Resources */ = {isa = PBXBuildFile; fileRef = 8BE5D06624443E77001EAD4F /* InfoPlist.strings */; };
		8BE5D0692444424D001EAD4F /* Localizable.strings in Resources */ = {isa = PBXBuildFile; fileRef = 8BE5D06B2444424D001EAD4F /* Localizable.strings */; };
/* End PBXBuildFile section */

/* Begin PBXFileReference section */
		8BE5D04924443BBC001EAD4F /* Localization.app */ = {isa = PBXFileReference; explicitFileType = wrapper.application; includeInIndex = 0; path = Localization.app; sourceTree = BUILT_PRODUCTS_DIR; };
		8BE5D04C24443BBC001EAD4F /* AppDelegate.swift */ = {isa = PBXFileReference; lastKnownFileType = sourcecode.swift; path = AppDelegate.swift; sourceTree = "<group>"; };
		8BE5D04E24443BBC001EAD4F /* SceneDelegate.swift */ = {isa = PBXFileReference; lastKnownFileType = sourcecode.swift; path = SceneDelegate.swift; sourceTree = "<group>"; };
		8BE5D05024443BBC001EAD4F /* ViewController.swift */ = {isa = PBXFileReference; lastKnownFileType = sourcecode.swift; path = ViewController.swift; sourceTree = "<group>"; };
		8BE5D05324443BBC001EAD4F /* Base */ = {isa = PBXFileReference; lastKnownFileType = file.storyboard; name = Base; path = Base.lproj/Main.storyboard; sourceTree = "<group>"; };
		8BE5D05524443BBF001EAD4F /* Assets.xcassets */ = {isa = PBXFileReference; lastKnownFileType = folder.assetcatalog; path = Assets.xcassets; sourceTree = "<group>"; };
		8BE5D05824443BBF001EAD4F /* Base */ = {isa = PBXFileReference; lastKnownFileType = file.storyboard; name = Base; path = Base.lproj/LaunchScreen.storyboard; sourceTree = "<group>"; };
		8BE5D05A24443BBF001EAD4F /* Info.plist */ = {isa = PBXFileReference; lastKnownFileType = text.plist.xml; path = Info.plist; sourceTree = "<group>"; };
		8BE5D06024443E32001EAD4F /* ja */ = {isa = PBXFileReference; lastKnownFileType = text.plist.strings; name = ja; path = ja.lproj/Main.strings; sourceTree = "<group>"; };
		8BE5D06124443E32001EAD4F /* ja */ = {isa = PBXFileReference; lastKnownFileType = text.plist.strings; name = ja; path = ja.lproj/LaunchScreen.strings; sourceTree = "<group>"; };
		8BE5D06524443E77001EAD4F /* ja */ = {isa = PBXFileReference; lastKnownFileType = text.plist.strings; name = ja; path = ja.lproj/InfoPlist.strings; sourceTree = "<group>"; };
		8BE5D06A2444424D001EAD4F /* ja */ = {isa = PBXFileReference; lastKnownFileType = text.plist.strings; name = ja; path = ja.lproj/Localizable.strings; sourceTree = "<group>"; };
/* End PBXFileReference section */

/* Begin PBXFrameworksBuildPhase section */
		8BE5D04624443BBC001EAD4F /* Frameworks */ = {
			isa = PBXFrameworksBuildPhase;
			buildActionMask = 2147483647;
			files = (
			);
			runOnlyForDeploymentPostprocessing = 0;
		};
/* End PBXFrameworksBuildPhase section */

/* Begin PBXGroup section */
		8BE5D04024443BBC001EAD4F = {
			isa = PBXGroup;
			children = (
				8BE5D04B24443BBC001EAD4F /* Localization */,
				8BE5D04A24443BBC001EAD4F /* Products */,
			);
			sourceTree = "<group>";
		};
		8BE5D04A24443BBC001EAD4F /* Products */ = {
			isa = PBXGroup;
			children = (
				8BE5D04924443BBC001EAD4F /* Localization.app */,
			);
			name = Products;
			sourceTree = "<group>";
		};
		8BE5D04B24443BBC001EAD4F /* Localization */ = {
			isa = PBXGroup;
			children = (
				8BE5D04C24443BBC001EAD4F /* AppDelegate.swift */,
				8BE5D04E24443BBC001EAD4F /* SceneDelegate.swift */,
				8BE5D05024443BBC001EAD4F /* ViewController.swift */,
				8BE5D06B2444424D001EAD4F /* Localizable.strings */,
				8BE5D05224443BBC001EAD4F /* Main.storyboard */,
				8BE5D05524443BBF001EAD4F /* Assets.xcassets */,
				8BE5D05724443BBF001EAD4F /* LaunchScreen.storyboard */,
				8BE5D05A24443BBF001EAD4F /* Info.plist */,
				8BE5D06624443E77001EAD4F /* InfoPlist.strings */,
			);
			path = Localization;
			sourceTree = "<group>";
		};
/* End PBXGroup section */

/* Begin PBXNativeTarget section */
		8BE5D04824443BBC001EAD4F /* Localization */ = {
			isa = PBXNativeTarget;
			buildConfigurationList = 8BE5D05D24443BBF001EAD4F /* Build configuration list for PBXNativeTarget "Localization" */;
			buildPhases = (
				8BE5D04524443BBC001EAD4F /* Sources */,
				8BE5D04624443BBC001EAD4F /* Frameworks */,
				8BE5D04724443BBC001EAD4F /* Resources */,
			);
			buildRules = (
			);
			dependencies = (
			);
			name = Localization;
			productName = Localization;
			productReference = 8BE5D04924443BBC001EAD4F /* Localization.app */;
			productType = "com.apple.product-type.application";
		};
/* End PBXNativeTarget section */

/* Begin PBXProject section */
		8BE5D04124443BBC001EAD4F /* Project object */ = {
			isa = PBXProject;
			attributes = {
				LastSwiftUpdateCheck = 1130;
				LastUpgradeCheck = 1130;
				ORGANIZATIONNAME = "開発アカウント";
				TargetAttributes = {
					8BE5D04824443BBC001EAD4F = {
						CreatedOnToolsVersion = 11.3;
					};
				};
			};
			buildConfigurationList = 8BE5D04424443BBC001EAD4F /* Build configuration list for PBXProject "Localization" */;
			compatibilityVersion = "Xcode 9.3";
			developmentRegion = en;
			hasScannedForEncodings = 0;
			knownRegions = (
				en,
				Base,
				ja,
			);
			mainGroup = 8BE5D04024443BBC001EAD4F;
			productRefGroup = 8BE5D04A24443BBC001EAD4F /* Products */;
			projectDirPath = "";
			projectRoot = "";
			targets = (
				8BE5D04824443BBC001EAD4F /* Localization */,
			);
		};
/* End PBXProject section */

/* Begin PBXResourcesBuildPhase section */
		8BE5D04724443BBC001EAD4F /* Resources */ = {
			isa = PBXResourcesBuildPhase;
			buildActionMask = 2147483647;
			files = (
				8BE5D0692444424D001EAD4F /* Localizable.strings in Resources */,
				8BE5D05924443BBF001EAD4F /* LaunchScreen.storyboard in Resources */,
				8BE5D06424443E77001EAD4F /* InfoPlist.strings in Resources */,
				8BE5D05624443BBF001EAD4F /* Assets.xcassets in Resources */,
				8BE5D05424443BBC001EAD4F /* Main.storyboard in Resources */,
			);
			runOnlyForDeploymentPostprocessing = 0;
		};
/* End PBXResourcesBuildPhase section */

/* Begin PBXSourcesBuildPhase section */
		8BE5D04524443BBC001EAD4F /* Sources */ = {
			isa = PBXSourcesBuildPhase;
			buildActionMask = 2147483647;
			files = (
				8BE5D05124443BBC001EAD4F /* ViewController.swift in Sources */,
				8BE5D04D24443BBC001EAD4F /* AppDelegate.swift in Sources */,
				8BE5D04F24443BBC001EAD4F /* SceneDelegate.swift in Sources */,
			);
			runOnlyForDeploymentPostprocessing = 0;
		};
/* End PBXSourcesBuildPhase section */

/* Begin PBXVariantGroup section */
		8BE5D05224443BBC001EAD4F /* Main.storyboard */ = {
			isa = PBXVariantGroup;
			children = (
				8BE5D05324443BBC001EAD4F /* Base */,
				8BE5D06024443E32001EAD4F /* ja */,
			);
			name = Main.storyboard;
			sourceTree = "<group>";
		};
		8BE5D05724443BBF001EAD4F /* LaunchScreen.storyboard */ = {
			isa = PBXVariantGroup;
			children = (
				8BE5D05824443BBF001EAD4F /* Base */,
				8BE5D06124443E32001EAD4F /* ja */,
			);
			name = LaunchScreen.storyboard;
			sourceTree = "<group>";
		};
		8BE5D06624443E77001EAD4F /* InfoPlist.strings */ = {
			isa = PBXVariantGroup;
			children = (
				8BE5D06524443E77001EAD4F /* ja */,
			);
			name = InfoPlist.strings;
			sourceTree = "<group>";
		};
		8BE5D06B2444424D001EAD4F /* Localizable.strings */ = {
			isa = PBXVariantGroup;
			children = (
				8BE5D06A2444424D001EAD4F /* ja */,
			);
			name = Localizable.strings;
			sourceTree = "<group>";
		};
/* End PBXVariantGroup section */

/* Begin XCBuildConfiguration section */
		8BE5D05B24443BBF001EAD4F /* Debug */ = {
			isa = XCBuildConfiguration;
			buildSettings = {
				ALWAYS_SEARCH_USER_PATHS = NO;
				CLANG_ANALYZER_LOCALIZABILITY_NONLOCALIZED = YES;
				CLANG_ANALYZER_NONNULL = YES;
				CLANG_ANALYZER_NUMBER_OBJECT_CONVERSION = YES_AGGRESSIVE;
				CLANG_CXX_LANGUAGE_STANDARD = "gnu++14";
				CLANG_CXX_LIBRARY = "libc++";
				CLANG_ENABLE_MODULES = YES;
				CLANG_ENABLE_OBJC_ARC = YES;
				CLANG_ENABLE_OBJC_WEAK = YES;
				CLANG_WARN_BLOCK_CAPTURE_AUTORELEASING = YES;
				CLANG_WARN_BOOL_CONVERSION = YES;
				CLANG_WARN_COMMA = YES;
				CLANG_WARN_CONSTANT_CONVERSION = YES;
				CLANG_WARN_DEPRECATED_OBJC_IMPLEMENTATIONS = YES;
				CLANG_WARN_DIRECT_OBJC_ISA_USAGE = YES_ERROR;
				CLANG_WARN_DOCUMENTATION_COMMENTS = YES;
				CLANG_WARN_EMPTY_BODY = YES;
				CLANG_WARN_ENUM_CONVERSION = YES;
				CLANG_WARN_INFINITE_RECURSION = YES;
				CLANG_WARN_INT_CONVERSION = YES;
				CLANG_WARN_NON_LITERAL_NULL_CONVERSION = YES;
				CLANG_WARN_OBJC_IMPLICIT_RETAIN_SELF = YES;
				CLANG_WARN_OBJC_LITERAL_CONVERSION = YES;
				CLANG_WARN_OBJC_ROOT_CLASS = YES_ERROR;
				CLANG_WARN_RANGE_LOOP_ANALYSIS = YES;
				CLANG_WARN_STRICT_PROTOTYPES = YES;
				CLANG_WARN_SUSPICIOUS_MOVE = YES;
				CLANG_WARN_UNGUARDED_AVAILABILITY = YES_AGGRESSIVE;
				CLANG_WARN_UNREACHABLE_CODE = YES;
				CLANG_WARN__DUPLICATE_METHOD_MATCH = YES;
				COPY_PHASE_STRIP = NO;
				DEBUG_INFORMATION_FORMAT = dwarf;
				ENABLE_STRICT_OBJC_MSGSEND = YES;
				ENABLE_TESTABILITY = YES;
				GCC_C_LANGUAGE_STANDARD = gnu11;
				GCC_DYNAMIC_NO_PIC = NO;
				GCC_NO_COMMON_BLOCKS = YES;
				GCC_OPTIMIZATION_LEVEL = 0;
				GCC_PREPROCESSOR_DEFINITIONS = (
					"DEBUG=1",
					"$(inherited)",
				);
				GCC_WARN_64_TO_32_BIT_CONVERSION = YES;
				GCC_WARN_ABOUT_RETURN_TYPE = YES_ERROR;
				GCC_WARN_UNDECLARED_SELECTOR = YES;
				GCC_WARN_UNINITIALIZED_AUTOS = YES_AGGRESSIVE;
				GCC_WARN_UNUSED_FUNCTION = YES;
				GCC_WARN_UNUSED_VARIABLE = YES;
				IPHONEOS_DEPLOYMENT_TARGET = 13.2;
				MTL_ENABLE_DEBUG_INFO = INCLUDE_SOURCE;
				MTL_FAST_MATH = YES;
				ONLY_ACTIVE_ARCH = YES;
				SDKROOT = iphoneos;
				SWIFT_ACTIVE_COMPILATION_CONDITIONS = DEBUG;
				SWIFT_OPTIMIZATION_LEVEL = "-Onone";
			};
			name = Debug;
		};
		8BE5D05C24443BBF001EAD4F /* Release */ = {
			isa = XCBuildConfiguration;
			buildSettings = {
				ALWAYS_SEARCH_USER_PATHS = NO;
				CLANG_ANALYZER_LOCALIZABILITY_NONLOCALIZED = YES;
				CLANG_ANALYZER_NONNULL = YES;
				CLANG_ANALYZER_NUMBER_OBJECT_CONVERSION = YES_AGGRESSIVE;
				CLANG_CXX_LANGUAGE_STANDARD = "gnu++14";
				CLANG_CXX_LIBRARY = "libc++";
				CLANG_ENABLE_MODULES = YES;
				CLANG_ENABLE_OBJC_ARC = YES;
				CLANG_ENABLE_OBJC_WEAK = YES;
				CLANG_WARN_BLOCK_CAPTURE_AUTORELEASING = YES;
				CLANG_WARN_BOOL_CONVERSION = YES;
				CLANG_WARN_COMMA = YES;
				CLANG_WARN_CONSTANT_CONVERSION = YES;
				CLANG_WARN_DEPRECATED_OBJC_IMPLEMENTATIONS = YES;
				CLANG_WARN_DIRECT_OBJC_ISA_USAGE = YES_ERROR;
				CLANG_WARN_DOCUMENTATION_COMMENTS = YES;
				CLANG_WARN_EMPTY_BODY = YES;
				CLANG_WARN_ENUM_CONVERSION = YES;
				CLANG_WARN_INFINITE_RECURSION = YES;
				CLANG_WARN_INT_CONVERSION = YES;
				CLANG_WARN_NON_LITERAL_NULL_CONVERSION = YES;
				CLANG_WARN_OBJC_IMPLICIT_RETAIN_SELF = YES;
				CLANG_WARN_OBJC_LITERAL_CONVERSION = YES;
				CLANG_WARN_OBJC_ROOT_CLASS = YES_ERROR;
				CLANG_WARN_RANGE_LOOP_ANALYSIS = YES;
				CLANG_WARN_STRICT_PROTOTYPES = YES;
				CLANG_WARN_SUSPICIOUS_MOVE = YES;
				CLANG_WARN_UNGUARDED_AVAILABILITY = YES_AGGRESSIVE;
				CLANG_WARN_UNREACHABLE_CODE = YES;
				CLANG_WARN__DUPLICATE_METHOD_MATCH = YES;
				COPY_PHASE_STRIP = NO;
				DEBUG_INFORMATION_FORMAT = "dwarf-with-dsym";
				ENABLE_NS_ASSERTIONS = NO;
				ENABLE_STRICT_OBJC_MSGSEND = YES;
				GCC_C_LANGUAGE_STANDARD = gnu11;
				GCC_NO_COMMON_BLOCKS = YES;
				GCC_WARN_64_TO_32_BIT_CONVERSION = YES;
				GCC_WARN_ABOUT_RETURN_TYPE = YES_ERROR;
				GCC_WARN_UNDECLARED_SELECTOR = YES;
				GCC_WARN_UNINITIALIZED_AUTOS = YES_AGGRESSIVE;
				GCC_WARN_UNUSED_FUNCTION = YES;
				GCC_WARN_UNUSED_VARIABLE = YES;
				IPHONEOS_DEPLOYMENT_TARGET = 13.2;
				MTL_ENABLE_DEBUG_INFO = NO;
				MTL_FAST_MATH = YES;
				SDKROOT = iphoneos;
				SWIFT_COMPILATION_MODE = wholemodule;
				SWIFT_OPTIMIZATION_LEVEL = "-O";
				VALIDATE_PRODUCT = YES;
			};
			name = Release;
		};
		8BE5D05E24443BBF001EAD4F /* Debug */ = {
			isa = XCBuildConfiguration;
			buildSettings = {
				ASSETCATALOG_COMPILER_APPICON_NAME = AppIcon;
				CODE_SIGN_STYLE = Automatic;
				INFOPLIST_FILE = Localization/Info.plist;
				LD_RUNPATH_SEARCH_PATHS = (
					"$(inherited)",
					"@executable_path/Frameworks",
				);
				PRODUCT_BUNDLE_IDENTIFIER = "jp.co.freemake-okuno.Localization";
				PRODUCT_NAME = "$(TARGET_NAME)";
				SWIFT_VERSION = 5.0;
				TARGETED_DEVICE_FAMILY = "1,2";
			};
			name = Debug;
		};
		8BE5D05F24443BBF001EAD4F /* Release */ = {
			isa = XCBuildConfiguration;
			buildSettings = {
				ASSETCATALOG_COMPILER_APPICON_NAME = AppIcon;
				CODE_SIGN_STYLE = Automatic;
				INFOPLIST_FILE = Localization/Info.plist;
				LD_RUNPATH_SEARCH_PATHS = (
					"$(inherited)",
					"@executable_path/Frameworks",
				);
				PRODUCT_BUNDLE_IDENTIFIER = "jp.co.freemake-okuno.Localization";
				PRODUCT_NAME = "$(TARGET_NAME)";
				SWIFT_VERSION = 5.0;
				TARGETED_DEVICE_FAMILY = "1,2";
			};
			name = Release;
		};
/* End XCBuildConfiguration section */

/* Begin XCConfigurationList section */
		8BE5D04424443BBC001EAD4F /* Build configuration list for PBXProject "Localization" */ = {
			isa = XCConfigurationList;
			buildConfigurations = (
				8BE5D05B24443BBF001EAD4F /* Debug */,
				8BE5D05C24443BBF001EAD4F /* Release */,
			);
			defaultConfigurationIsVisible = 0;
			defaultConfigurationName = Release;
		};
		8BE5D05D24443BBF001EAD4F /* Build configuration list for PBXNativeTarget "Localization" */ = {
			isa = XCConfigurationList;
			buildConfigurations = (
				8BE5D05E24443BBF001EAD4F /* Debug */,
				8BE5D05F24443BBF001EAD4F /* Release */,
			);
			defaultConfigurationIsVisible = 0;
			defaultConfigurationName = Release;
		};
/* End XCConfigurationList section */
	};
	rootObject = 8BE5D04124443BBC001EAD4F /* Project object */;
}
